{
  "name": "360gantt",
  "version": "1.0.0",
  "lockfileVersion": 3,
  "requires": true,
  "packages": {
    "": {
      "name": "360gantt",
      "version": "1.0.0",
      "license": "ISC",
      "dependencies": {
        "@svar-ui/react-gantt": "^2.5.2",
        "dompurify": "^3.3.1",
        "html2canvas": "^1.4.1",
        "i18next": "^25.8.13",
        "i18next-browser-languagedetector": "^8.2.1",
        "jspdf": "^4.2.0",
        "lz-string": "^1.5.0",
        "papaparse": "^5.5.3",
        "pptxgenjs": "^4.0.1",
        "react": "^19.2.4",
        "react-dom": "^19.2.4",
        "react-error-boundary": "^6.1.1",
        "react-i18next": "^16.5.4",
        "sonner": "^2.0.7",
        "zod": "^4.3.6",
        "zustand": "^5.0.11"
      }
    },
    "node_modules/@babel/runtime": {
      "version": "7.28.6",
      "resolved": "https://registry.npmjs.org/@babel/runtime/-/runtime-7.28.6.tgz",
      "integrity": "sha512-05WQkdpL9COIMz4LjTxGpPNCdlpyimKppYNoJ5Di5EUObifl8t4tuLuUBBZEpoLYOmfvIWrsp9fCl0HoPRVTdA==",
      "license": "MIT",
      "engines": {
        "node": ">=6.9.0"
      }
    },
    "node_modules/@svar-ui/comments-locales": {
      "version": "2.4.0",
      "resolved": "https://registry.npmjs.org/@svar-ui/comments-locales/-/comments-locales-2.4.0.tgz",
      "integrity": "sha512-StcviQBWrfs4iulgNAb7rjycBe6fsv2/UvmeZpHNHSvSGCMF+q5Cx0FczwgCXd+dVQI6QPhfOPunmu64hzgIWg==",
      "license": "MIT"
    },
    "node_modules/@svar-ui/core-locales": {
      "version": "2.4.0",
      "resolved": "https://registry.npmjs.org/@svar-ui/core-locales/-/core-locales-2.4.0.tgz",
      "integrity": "sha512-FXB4MtqbZw4TNdPfELsMum6y5Tgu0PRA7a6upJjLWDYJjlcYEcyT49iJONb30gPIL7HgJkUylJnz6iNuNA3Icw==",
      "license": "MIT"
    },
    "node_modules/@svar-ui/editor-locales": {
      "version": "2.4.0",
      "resolved": "https://registry.npmjs.org/@svar-ui/editor-locales/-/editor-locales-2.4.0.tgz",
      "integrity": "sha512-ngo2vdAxdpYeEhCfIJstyKP6mY7uE3hDI7xpzkN8d92DJcrdgCquYTAkI7UV94FGlfGMfGM2DFnXYSuQwLYB9w==",
      "license": "MIT"
    },
    "node_modules/@svar-ui/filter-locales": {
      "version": "2.4.0",
      "resolved": "https://registry.npmjs.org/@svar-ui/filter-locales/-/filter-locales-2.4.0.tgz",
      "integrity": "sha512-POV7u7xM9O84i5HnWKQ9LfWyfvmVgFOl0wDO+Ix6MfugPkj14pX6FLvuooyXwfUNMV6G6hS7AuKlNR5SlW94ZA==",
      "license": "MIT"
    },
    "node_modules/@svar-ui/filter-store": {
      "version": "2.4.0",
      "resolved": "https://registry.npmjs.org/@svar-ui/filter-store/-/filter-store-2.4.0.tgz",
      "integrity": "sha512-xEnVZXuDFxduHfqq+r1YjditolB1FpHHFGK87WOjTrtIPmiiKCQF2vt5LKJuswUQPbG3kMW93EAvZWZVCnKeKA==",
      "license": "MIT",
      "dependencies": {
        "@svar-ui/lib-state": "1.9.6"
      }
    },
    "node_modules/@svar-ui/gantt-data-provider": {
      "version": "2.5.1",
      "resolved": "https://registry.npmjs.org/@svar-ui/gantt-data-provider/-/gantt-data-provider-2.5.1.tgz",
      "integrity": "sha512-aBn01tezBRlX5mrvf2lhnBTO1VuXEyPa9a2bKi/qhNBJ5F943EBx2utijC7dVbPKPQvIDU8Iq+utUqLjshOgHQ==",
      "license": "MIT",
      "dependencies": {
        "@svar-ui/lib-data-provider": "1.7.1"
      }
    },
    "node_modules/@svar-ui/gantt-locales": {
      "version": "2.5.1",
      "resolved": "https://registry.npmjs.org/@svar-ui/gantt-locales/-/gantt-locales-2.5.1.tgz",
      "integrity": "sha512-6E3qO4wh/+3o5WZPaPTyMt95AeKt9j3nMsmaemEBZEYeLRV67HP0cTUJHFdqrr3aTRkwhPyc0Xym7QZw8OMdSw==",
      "license": "MIT"
    },
    "node_modules/@svar-ui/gantt-store": {
      "version": "2.5.1",
      "resolved": "https://registry.npmjs.org/@svar-ui/gantt-store/-/gantt-store-2.5.1.tgz",
      "integrity": "sha512-8G66oNpFq2GIy5BtOZ1c07ppK5NTbJldUPBosS5Rgf2wbN5OhjNThGdMYoE0y9kXPBVdjHYVZVef3hd0b/pUkQ==",
      "license": "MIT",
      "dependencies": {
        "@svar-ui/lib-state": "1.9.6",
        "date-fns": "3.6.0"
      }
    },
    "node_modules/@svar-ui/grid-data-provider": {
      "version": "2.5.0",
      "resolved": "https://registry.npmjs.org/@svar-ui/grid-data-provider/-/grid-data-provider-2.5.0.tgz",
      "integrity": "sha512-jI7cPJ9f+ozUoT9IYwHG8coeGvICp6iGI3F4IOLcJ7Hb0/NGaRwz1l0EIt7GjNeJodEIlbpdUZhfbIPSfErx6Q==",
      "license": "MIT",
      "dependencies": {
        "@svar-ui/lib-data-provider": "1.7.1"
      }
    },
    "node_modules/@svar-ui/grid-locales": {
      "version": "2.5.0",
      "resolved": "https://registry.npmjs.org/@svar-ui/grid-locales/-/grid-locales-2.5.0.tgz",
      "integrity": "sha512-xzNE0IRFCeu0KyMNI1CT40sHU5YrvlyWiYk0sMNvUGnC7n+5wfdWeRdAILeZkwXjM4keCl8qhUfTPiMpVYyyGw==",
      "license": "MIT"
    },
    "node_modules/@svar-ui/grid-store": {
      "version": "2.5.0",
      "resolved": "https://registry.npmjs.org/@svar-ui/grid-store/-/grid-store-2.5.0.tgz",
      "integrity": "sha512-Y5x+M5HANyohP7xExIPFzyMCtf5ABVbEwfac/Q7eY5UPUq2eUszfHgqn1YmyV5F7s+YpIXpD0Ed4kMW7MoaEIg==",
      "license": "MIT",
      "dependencies": {
        "@svar-ui/lib-dom": "0.11.1",
        "@svar-ui/lib-state": "1.9.6"
      }
    },
    "node_modules/@svar-ui/lib-data-provider": {
      "version": "1.7.1",
      "resolved": "https://registry.npmjs.org/@svar-ui/lib-data-provider/-/lib-data-provider-1.7.1.tgz",
      "integrity": "sha512-5Bi9ywngcMTKpGtan0s7q8ivd84Bp0ZnRP+5bLZg6oiRB7YMyN5D5X+apc3CWDAnG4zZn3en4YwS2qc/aHIIuQ==",
      "license": "MIT",
      "dependencies": {
        "@svar-ui/lib-state": "1.9.6"
      }
    },
    "node_modules/@svar-ui/lib-dom": {
      "version": "0.11.1",
      "resolved": "https://registry.npmjs.org/@svar-ui/lib-dom/-/lib-dom-0.11.1.tgz",
      "integrity": "sha512-4wgerhDVttvrQ9t6OjHur34Of+VVr2VygA16HHGcWHytgdnOuGgfZb5PeBEhCJw/pO3RKfJvBHbaMIzL4IR//g==",
      "license": "MIT"
    },
    "node_modules/@svar-ui/lib-react": {
      "version": "1.2.2",
      "resolved": "https://registry.npmjs.org/@svar-ui/lib-react/-/lib-react-1.2.2.tgz",
      "integrity": "sha512-bB+Vou2NM0JhMuFW03MsjjoV5Y3xcFfuuK48+7uzUC9Ui1oSWpCK+txOZ+dnUFJISSVjSsXuF34AzMw/2CA63w==",
      "license": "MIT",
      "dependencies": {
        "@svar-ui/lib-dom": "^0.11.1"
      }
    },
    "node_modules/@svar-ui/lib-state": {
      "version": "1.9.6",
      "resolved": "https://registry.npmjs.org/@svar-ui/lib-state/-/lib-state-1.9.6.tgz",
      "integrity": "sha512-twoHa8wZvzdxtES68s6Wnp4Xi1WivScNaFFK6sJ6WDgqVYOzJw0ZhVVrdwHQgieLITTKl/DYh/U3nuqtMetKYw==",
      "license": "MIT"
    },
    "node_modules/@svar-ui/react-comments": {
      "version": "2.4.3",
      "resolved": "https://registry.npmjs.org/@svar-ui/react-comments/-/react-comments-2.4.3.tgz",
      "integrity": "sha512-hwx3g0LPIBIBbO/YniLvNRaSwxlC/J0Uo2h2BK5N/FszwcBwruYkHBcXI0CEGpJltEaWHYKeO1hF0U5D2SzeBQ==",
      "license": "MIT",
      "dependencies": {
        "@svar-ui/comments-locales": "2.4.0",
        "@svar-ui/core-locales": "2.4.0",
        "@svar-ui/lib-data-provider": "1.7.1",
        "@svar-ui/lib-dom": "0.11.1",
        "@svar-ui/lib-state": "1.9.6",
        "@svar-ui/react-core": "2.4.3",
        "@svar-ui/react-menu": "2.4.3"
      },
      "peerDependencies": {
        "react": ">=18",
        "react-dom": ">=18"
      }
    },
    "node_modules/@svar-ui/react-core": {
      "version": "2.4.3",
      "resolved": "https://registry.npmjs.org/@svar-ui/react-core/-/react-core-2.4.3.tgz",
      "integrity": "sha512-ufyK48znpYyV+99mb0e44u4aoZN/D/aQxCy58z4xmNWJmQvPFhCu+5QVwnodh9BUbmRp8OHAQjugBAF1eL1doQ==",
      "license": "MIT",
      "dependencies": {
        "@svar-ui/core-locales": "^2.4.0",
        "@svar-ui/lib-dom": "0.11.1",
        "@svar-ui/lib-react": "1.2.2"
      },
      "peerDependencies": {
        "react": ">=18",
        "react-dom": ">=18"
      }
    },
    "node_modules/@svar-ui/react-editor": {
      "version": "2.4.3",
      "resolved": "https://registry.npmjs.org/@svar-ui/react-editor/-/react-editor-2.4.3.tgz",
      "integrity": "sha512-cAd7ASRoezGaMdPXQ7EuuKHYRNOr60OOqPvP2gmn+j2cF0ofRRHpo0G5kTwgQws3MmzAlYP3WOXe0gEMZ81iwg==",
      "license": "MIT",
      "dependencies": {
        "@svar-ui/editor-locales": "2.4.0",
        "@svar-ui/lib-dom": "0.11.1",
        "@svar-ui/lib-state": "1.9.6",
        "@svar-ui/react-comments": "2.4.3",
        "@svar-ui/react-core": "2.4.3",
        "@svar-ui/react-tasklist": "2.4.3",
        "@svar-ui/react-toolbar": "2.4.3"
      },
      "peerDependencies": {
        "react": ">=18",
        "react-dom": ">=18"
      }
    },
    "node_modules/@svar-ui/react-filter": {
      "version": "2.4.3",
      "resolved": "https://registry.npmjs.org/@svar-ui/react-filter/-/react-filter-2.4.3.tgz",
      "integrity": "sha512-fO9rK0nJEDUf9dQuUKdNOECHDIwuFhSEp27tDDAfSFYOOzOy+ysObs6yMSQ5I8PmCUv/gkIsxu4cYR+Pm4xnJg==",
      "license": "MIT",
      "dependencies": {
        "@svar-ui/filter-locales": "2.4.0",
        "@svar-ui/filter-store": "2.4.0",
        "@svar-ui/lib-dom": "0.11.1",
        "@svar-ui/lib-react": "1.2.2",
        "@svar-ui/lib-state": "1.9.6",
        "@svar-ui/react-core": "2.4.3",
        "@svar-ui/react-menu": "2.4.3"
      },
      "peerDependencies": {
        "react": ">=18",
        "react-dom": ">=18"
      }
    },
    "node_modules/@svar-ui/react-gantt": {
      "version": "2.5.2",
      "resolved": "https://registry.npmjs.org/@svar-ui/react-gantt/-/react-gantt-2.5.2.tgz",
      "integrity": "sha512-+N4JTU5htiRtzd9vUgVlaMDQc2XP9Y2oBmVmiPwXJtyW1iyZJo99B5dWt8XR67EbZj1h4+dI77upsOjtpKcD5A==",
      "license": "MIT",
      "dependencies": {
        "@svar-ui/gantt-data-provider": "2.5.1",
        "@svar-ui/gantt-locales": "2.5.1",
        "@svar-ui/gantt-store": "2.5.1",
        "@svar-ui/lib-dom": "0.11.1",
        "@svar-ui/lib-react": "1.2.2",
        "@svar-ui/lib-state": "1.9.6",
        "@svar-ui/react-core": "2.4.3",
        "@svar-ui/react-editor": "2.4.3",
        "@svar-ui/react-grid": "2.5.1",
        "@svar-ui/react-menu": "2.4.3",
        "@svar-ui/react-toolbar": "2.4.3"
      },
      "peerDependencies": {
        "react": ">=18",
        "react-dom": ">=18"
      }
    },
    "node_modules/@svar-ui/react-grid": {
      "version": "2.5.1",
      "resolved": "https://registry.npmjs.org/@svar-ui/react-grid/-/react-grid-2.5.1.tgz",
      "integrity": "sha512-b4xJGnEIAYcksdSzyfLxb2NyNsaNZiSjiuHVeAUBhX6yGtfZarh99oFFIK6zn94HySbh57S4bSy4fzzGrEqChw==",
      "license": "MIT",
      "dependencies": {
        "@svar-ui/grid-data-provider": "2.5.0",
        "@svar-ui/grid-locales": "2.5.0",
        "@svar-ui/grid-store": "2.5.0",
        "@svar-ui/lib-dom": "0.11.1",
        "@svar-ui/lib-react": "1.2.2",
        "@svar-ui/lib-state": "1.9.6",
        "@svar-ui/react-core": "2.4.3",
        "@svar-ui/react-editor": "2.4.3",
        "@svar-ui/react-filter": "2.4.3",
        "@svar-ui/react-menu": "2.4.3"
      },
      "peerDependencies": {
        "react": ">=18",
        "react-dom": ">=18"
      }
    },
    "node_modules/@svar-ui/react-menu": {
      "version": "2.4.3",
      "resolved": "https://registry.npmjs.org/@svar-ui/react-menu/-/react-menu-2.4.3.tgz",
      "integrity": "sha512-c3d6CxeJS3/mA6lkQZY4c8AblRk1oRi0xfADktcrxLVKiyzrwn8alEUJ6QqWlGK7TjCHX/IPsWwRK4e32FrjJA==",
      "license": "MIT",
      "dependencies": {
        "@svar-ui/core-locales": "2.4.0",
        "@svar-ui/lib-dom": "0.11.1",
        "@svar-ui/react-core": "2.4.3"
      },
      "peerDependencies": {
        "react": ">=18",
        "react-dom": ">=18"
      }
    },
    "node_modules/@svar-ui/react-tasklist": {
      "version": "2.4.3",
      "resolved": "https://registry.npmjs.org/@svar-ui/react-tasklist/-/react-tasklist-2.4.3.tgz",
      "integrity": "sha512-M7BgmfzUZq6XM+/OcRVRh78baa66pDXtV+w/xhLWSHbSOP8LcTZgJQJm3CxjucRSB4SpN9+Yw0dA/E5EZJLT8A==",
      "license": "MIT",
      "dependencies": {
        "@svar-ui/lib-data-provider": "1.7.1",
        "@svar-ui/lib-dom": "0.11.1",
        "@svar-ui/lib-state": "1.9.6",
        "@svar-ui/react-core": "2.4.3",
        "@svar-ui/tasklist-locales": "2.4.0"
      },
      "peerDependencies": {
        "react": ">=18",
        "react-dom": ">=18"
      }
    },
    "node_modules/@svar-ui/react-toolbar": {
      "version": "2.4.3",
      "resolved": "https://registry.npmjs.org/@svar-ui/react-toolbar/-/react-toolbar-2.4.3.tgz",
      "integrity": "sha512-w9qMxDhmOw2PJRZM9gGLQ7oAhY1ImVfUeGrdG2Mg5D9uo1R6sX74zV3DxaRoRbO79PIqaPgY6ROwQoG00V+/Ow==",
      "license": "MIT",
      "dependencies": {
        "@svar-ui/core-locales": "2.4.0",
        "@svar-ui/lib-dom": "0.11.1",
        "@svar-ui/react-core": "2.4.3"
      },
      "peerDependencies": {
        "react": ">=18",
        "react-dom": ">=18"
      }
    },
    "node_modules/@svar-ui/tasklist-locales": {
      "version": "2.4.0",
      "resolved": "https://registry.npmjs.org/@svar-ui/tasklist-locales/-/tasklist-locales-2.4.0.tgz",
      "integrity": "sha512-gcclKwfShkTiZaYCl9blfOiUqVwcEv8qtyNoKfEhli4FWjjG4sysue27CvHD2qFZAjoRYQi2hoQ4odLM1AO7tQ==",
      "license": "MIT"
    },
    "node_modules/@types/node": {
      "version": "22.19.12",
      "resolved": "https://registry.npmjs.org/@types/node/-/node-22.19.12.tgz",
      "integrity": "sha512-0QEp0aPJYSyf6RrTjDB7HlKgNMTY+V2C7ESTaVt6G9gQ0rPLzTGz7OF2NXTLR5vcy7HJEtIUsyWLsfX0kTqJBA==",
      "license": "MIT",
      "dependencies": {
        "undici-types": "~6.21.0"
      }
    },
    "node_modules/@types/pako": {
      "version": "2.0.4",
      "resolved": "https://registry.npmjs.org/@types/pako/-/pako-2.0.4.tgz",
      "integrity": "sha512-VWDCbrLeVXJM9fihYodcLiIv0ku+AlOa/TQ1SvYOaBuyrSKgEcro95LJyIsJ4vSo6BXIxOKxiJAat04CmST9Fw==",
      "license": "MIT"
    },
    "node_modules/@types/raf": {
      "version": "3.4.3",
      "resolved": "https://registry.npmjs.org/@types/raf/-/raf-3.4.3.tgz",
      "integrity": "sha512-c4YAvMedbPZ5tEyxzQdMoOhhJ4RD3rngZIdwC2/qDN3d7JpEhB6fiBRKVY1lg5B7Wk+uPBjn5f39j1/2MY1oOw==",
      "license": "MIT",
      "optional": true
    },
    "node_modules/@types/trusted-types": {
      "version": "2.0.7",
      "resolved": "https://registry.npmjs.org/@types/trusted-types/-/trusted-types-2.0.7.tgz",
      "integrity": "sha512-ScaPdn1dQczgbl0QFTeTOmVHFULt394XJgOQNoyVhZ6r2vLnMLJfBPd53SB52T/3G36VI1/g2MZaX0cwDuXsfw==",
      "license": "MIT",
      "optional": true
    },
    "node_modules/base64-arraybuffer": {
      "version": "1.0.2",
      "resolved": "https://registry.npmjs.org/base64-arraybuffer/-/base64-arraybuffer-1.0.2.tgz",
      "integrity": "sha512-I3yl4r9QB5ZRY3XuJVEPfc2XhZO6YweFPI+UovAzn+8/hb3oJ6lnysaFcjVpkCPfVWFUDvoZ8kmVDP7WyRtYtQ==",
      "license": "MIT",
      "engines": {
        "node": ">= 0.6.0"
      }
    },
    "node_modules/canvg": {
      "version": "3.0.11",
      "resolved": "https://registry.npmjs.org/canvg/-/canvg-3.0.11.tgz",
      "integrity": "sha512-5ON+q7jCTgMp9cjpu4Jo6XbvfYwSB2Ow3kzHKfIyJfaCAOHLbdKPQqGKgfED/R5B+3TFFfe8pegYA+b423SRyA==",
      "license": "MIT",
      "optional": true,
      "dependencies": {
        "@babel/runtime": "^7.12.5",
        "@types/raf": "^3.4.0",
        "core-js": "^3.8.3",
        "raf": "^3.4.1",
        "regenerator-runtime": "^0.13.7",
        "rgbcolor": "^1.0.1",
        "stackblur-canvas": "^2.0.0",
        "svg-pathdata": "^6.0.3"
      },
      "engines": {
        "node": ">=10.0.0"
      }
    },
    "node_modules/core-js": {
      "version": "3.48.0",
      "resolved": "https://registry.npmjs.org/core-js/-/core-js-3.48.0.tgz",
      "integrity": "sha512-zpEHTy1fjTMZCKLHUZoVeylt9XrzaIN2rbPXEt0k+q7JE5CkCZdo6bNq55bn24a69CH7ErAVLKijxJja4fw+UQ==",
      "hasInstallScript": true,
      "license": "MIT",
      "optional": true,
      "funding": {
        "type": "opencollective",
        "url": "https://opencollective.com/core-js"
      }
    },
    "node_modules/core-util-is": {
      "version": "1.0.3",
      "resolved": "https://registry.npmjs.org/core-util-is/-/core-util-is-1.0.3.tgz",
      "integrity": "sha512-ZQBvi1DcpJ4GDqanjucZ2Hj3wEO5pZDS89BWbkcrvdxksJorwUDDZamX9ldFkp9aw2lmBDLgkObEA4DWNJ9FYQ==",
      "license": "MIT"
    },
    "node_modules/css-line-break": {
      "version": "2.1.0",
      "resolved": "https://registry.npmjs.org/css-line-break/-/css-line-break-2.1.0.tgz",
      "integrity": "sha512-FHcKFCZcAha3LwfVBhCQbW2nCNbkZXn7KVUJcsT5/P8YmfsVja0FMPJr0B903j/E69HUphKiV9iQArX8SDYA4w==",
      "license": "MIT",
      "dependencies": {
        "utrie": "^1.0.2"
      }
    },
    "node_modules/date-fns": {
      "version": "3.6.0",
      "resolved": "https://registry.npmjs.org/date-fns/-/date-fns-3.6.0.tgz",
      "integrity": "sha512-fRHTG8g/Gif+kSh50gaGEdToemgfj74aRX3swtiouboip5JDLAyDE9F11nHMIcvOaXeOC6D7SpNhi7uFyB7Uww==",
      "license": "MIT",
      "funding": {
        "type": "github",
        "url": "https://github.com/sponsors/kossnocorp"
      }
    },
    "node_modules/dompurify": {
      "version": "3.3.1",
      "resolved": "https://registry.npmjs.org/dompurify/-/dompurify-3.3.1.tgz",
      "integrity": "sha512-qkdCKzLNtrgPFP1Vo+98FRzJnBRGe4ffyCea9IwHB1fyxPOeNTHpLKYGd4Uk9xvNoH0ZoOjwZxNptyMwqrId1Q==",
      "license": "(MPL-2.0 OR Apache-2.0)",
      "optionalDependencies": {
        "@types/trusted-types": "^2.0.7"
      }
    },
    "node_modules/fast-png": {
      "version": "6.4.0",
      "resolved": "https://registry.npmjs.org/fast-png/-/fast-png-6.4.0.tgz",
      "integrity": "sha512-kAqZq1TlgBjZcLr5mcN6NP5Rv4V2f22z00c3g8vRrwkcqjerx7BEhPbOnWCPqaHUl2XWQBJQvOT/FQhdMT7X/Q==",
      "license": "MIT",
      "dependencies": {
        "@types/pako": "^2.0.3",
        "iobuffer": "^5.3.2",
        "pako": "^2.1.0"
      }
    },
    "node_modules/fflate": {
      "version": "0.8.2",
      "resolved": "https://registry.npmjs.org/fflate/-/fflate-0.8.2.tgz",
      "integrity": "sha512-cPJU47OaAoCbg0pBvzsgpTPhmhqI5eJjh/JIu8tPj5q+T7iLvW/JAYUqmE7KOB4R1ZyEhzBaIQpQpardBF5z8A==",
      "license": "MIT"
    },
    "node_modules/html-parse-stringify": {
      "version": "3.0.1",
      "resolved": "https://registry.npmjs.org/html-parse-stringify/-/html-parse-stringify-3.0.1.tgz",
      "integrity": "sha512-KknJ50kTInJ7qIScF3jeaFRpMpE8/lfiTdzf/twXyPBLAGrLRTmkz3AdTnKeh40X8k9L2fdYwEp/42WGXIRGcg==",
      "license": "MIT",
      "dependencies": {
        "void-elements": "3.1.0"
      }
    },
    "node_modules/html2canvas": {
      "version": "1.4.1",
      "resolved": "https://registry.npmjs.org/html2canvas/-/html2canvas-1.4.1.tgz",
      "integrity": "sha512-fPU6BHNpsyIhr8yyMpTLLxAbkaK8ArIBcmZIRiBLiDhjeqvXolaEmDGmELFuX9I4xDcaKKcJl+TKZLqruBbmWA==",
      "license": "MIT",
      "dependencies": {
        "css-line-break": "^2.1.0",
        "text-segmentation": "^1.0.3"
      },
      "engines": {
        "node": ">=8.0.0"
      }
    },
    "node_modules/https": {
      "version": "1.0.0",
      "resolved": "https://registry.npmjs.org/https/-/https-1.0.0.tgz",
      "integrity": "sha512-4EC57ddXrkaF0x83Oj8sM6SLQHAWXw90Skqu2M4AEWENZ3F02dFJE/GARA8igO79tcgYqGrD7ae4f5L3um2lgg==",
      "license": "ISC"
    },
    "node_modules/i18next": {
      "version": "25.8.13",
      "resolved": "https://registry.npmjs.org/i18next/-/i18next-25.8.13.tgz",
      "integrity": "sha512-E0vzjBY1yM+nsFrtgkjLhST2NBkirkvOVoQa0MSldhsuZ3jUge7ZNpuwG0Cfc74zwo5ZwRzg3uOgT+McBn32iA==",
      "funding": [
        {
          "type": "individual",
          "url": "https://locize.com"
        },
        {
          "type": "individual",
          "url": "https://locize.com/i18next.html"
        },
        {
          "type": "individual",
          "url": "https://www.i18next.com/how-to/faq#i18next-is-awesome.-how-can-i-support-the-project"
        }
      ],
      "license": "MIT",
      "dependencies": {
        "@babel/runtime": "^7.28.4"
      },
      "peerDependencies": {
        "typescript": "^5"
      },
      "peerDependenciesMeta": {
        "typescript": {
          "optional": true
        }
      }
    },
    "node_modules/i18next-browser-languagedetector": {
      "version": "8.2.1",
      "resolved": "https://registry.npmjs.org/i18next-browser-languagedetector/-/i18next-browser-languagedetector-8.2.1.tgz",
      "integrity": "sha512-bZg8+4bdmaOiApD7N7BPT9W8MLZG+nPTOFlLiJiT8uzKXFjhxw4v2ierCXOwB5sFDMtuA5G4kgYZ0AznZxQ/cw==",
      "license": "MIT",
      "dependencies": {
        "@babel/runtime": "^7.23.2"
      }
    },
    "node_modules/image-size": {
      "version": "1.2.1",
      "resolved": "https://registry.npmjs.org/image-size/-/image-size-1.2.1.tgz",
      "integrity": "sha512-rH+46sQJ2dlwfjfhCyNx5thzrv+dtmBIhPHk0zgRUukHzZ/kRueTJXoYYsclBaKcSMBWuGbOFXtioLpzTb5euw==",
      "license": "MIT",
      "dependencies": {
        "queue": "6.0.2"
      },
      "bin": {
        "image-size": "bin/image-size.js"
      },
      "engines": {
        "node": ">=16.x"
      }
    },
    "node_modules/immediate": {
      "version": "3.0.6",
      "resolved": "https://registry.npmjs.org/immediate/-/immediate-3.0.6.tgz",
      "integrity": "sha512-XXOFtyqDjNDAQxVfYxuF7g9Il/IbWmmlQg2MYKOH8ExIT1qg6xc4zyS3HaEEATgs1btfzxq15ciUiY7gjSXRGQ==",
      "license": "MIT"
    },
    "node_modules/inherits": {
      "version": "2.0.4",
      "resolved": "https://registry.npmjs.org/inherits/-/inherits-2.0.4.tgz",
      "integrity": "sha512-k/vGaX4/Yla3WzyMCvTQOXYeIHvqOKtnqBduzTHpzpQZzAskKMhZ2K+EnBiSM9zGSoIFeMpXKxa4dYeZIQqewQ==",
      "license": "ISC"
    },
    "node_modules/iobuffer": {
      "version": "5.4.0",
      "resolved": "https://registry.npmjs.org/iobuffer/-/iobuffer-5.4.0.tgz",
      "integrity": "sha512-DRebOWuqDvxunfkNJAlc3IzWIPD5xVxwUNbHr7xKB8E6aLJxIPfNX3CoMJghcFjpv6RWQsrcJbghtEwSPoJqMA==",
      "license": "MIT"
    },
    "node_modules/isarray": {
      "version": "1.0.0",
      "resolved": "https://registry.npmjs.org/isarray/-/isarray-1.0.0.tgz",
      "integrity": "sha512-VLghIWNM6ELQzo7zwmcg0NmTVyWKYjvIeM83yjp0wRDTmUnrM678fQbcKBo6n2CJEF0szoG//ytg+TKla89ALQ==",
      "license": "MIT"
    },
    "node_modules/jspdf": {
      "version": "4.2.0",
      "resolved": "https://registry.npmjs.org/jspdf/-/jspdf-4.2.0.tgz",
      "integrity": "sha512-hR/hnRevAXXlrjeqU5oahOE+Ln9ORJUB5brLHHqH67A+RBQZuFr5GkbI9XQI8OUFSEezKegsi45QRpc4bGj75Q==",
      "license": "MIT",
      "dependencies": {
        "@babel/runtime": "^7.28.6",
        "fast-png": "^6.2.0",
        "fflate": "^0.8.1"
      },
      "optionalDependencies": {
        "canvg": "^3.0.11",
        "core-js": "^3.6.0",
        "dompurify": "^3.3.1",
        "html2canvas": "^1.0.0-rc.5"
      }
    },
    "node_modules/jszip": {
      "version": "3.10.1",
      "resolved": "https://registry.npmjs.org/jszip/-/jszip-3.10.1.tgz",
      "integrity": "sha512-xXDvecyTpGLrqFrvkrUSoxxfJI5AH7U8zxxtVclpsUtMCq4JQ290LY8AW5c7Ggnr/Y/oK+bQMbqK2qmtk3pN4g==",
      "license": "(MIT OR GPL-3.0-or-later)",
      "dependencies": {
        "lie": "~3.3.0",
        "pako": "~1.0.2",
        "readable-stream": "~2.3.6",
        "setimmediate": "^1.0.5"
      }
    },
    "node_modules/jszip/node_modules/pako": {
      "version": "1.0.11",
      "resolved": "https://registry.npmjs.org/pako/-/pako-1.0.11.tgz",
      "integrity": "sha512-4hLB8Py4zZce5s4yd9XzopqwVv/yGNhV1Bl8NTmCq1763HeK2+EwVTv+leGeL13Dnh2wfbqowVPXCIO0z4taYw==",
      "license": "(MIT AND Zlib)"
    },
    "node_modules/lie": {
      "version": "3.3.0",
      "resolved": "https://registry.npmjs.org/lie/-/lie-3.3.0.tgz",
      "integrity": "sha512-UaiMJzeWRlEujzAuw5LokY1L5ecNQYZKfmyZ9L7wDHb/p5etKaxXhohBcrw0EYby+G/NA52vRSN4N39dxHAIwQ==",
      "license": "MIT",
      "dependencies": {
        "immediate": "~3.0.5"
      }
    },
    "node_modules/lz-string": {
      "version": "1.5.0",
      "resolved": "https://registry.npmjs.org/lz-string/-/lz-string-1.5.0.tgz",
      "integrity": "sha512-h5bgJWpxJNswbU7qCrV0tIKQCaS3blPDrqKWx+QxzuzL1zGUzij9XCWLrSLsJPu5t+eWA/ycetzYAO5IOMcWAQ==",
      "license": "MIT",
      "bin": {
        "lz-string": "bin/bin.js"
      }
    },
    "node_modules/pako": {
      "version": "2.1.0",
      "resolved": "https://registry.npmjs.org/pako/-/pako-2.1.0.tgz",
      "integrity": "sha512-w+eufiZ1WuJYgPXbV/PO3NCMEc3xqylkKHzp8bxp1uW4qaSNQUkwmLLEc3kKsfz8lpV1F8Ht3U1Cm+9Srog2ug==",
      "license": "(MIT AND Zlib)"
    },
    "node_modules/papaparse": {
      "version": "5.5.3",
      "resolved": "https://registry.npmjs.org/papaparse/-/papaparse-5.5.3.tgz",
      "integrity": "sha512-5QvjGxYVjxO59MGU2lHVYpRWBBtKHnlIAcSe1uNFCkkptUh63NFRj0FJQm7nR67puEruUci/ZkjmEFrjCAyP4A==",
      "license": "MIT"
    },
    "node_modules/performance-now": {
      "version": "2.1.0",
      "resolved": "https://registry.npmjs.org/performance-now/-/performance-now-2.1.0.tgz",
      "integrity": "sha512-7EAHlyLHI56VEIdK57uwHdHKIaAGbnXPiw0yWbarQZOKaKpvUIgW0jWRVLiatnM+XXlSwsanIBH/hzGMJulMow==",
      "license": "MIT",
      "optional": true
    },
    "node_modules/pptxgenjs": {
      "version": "4.0.1",
      "resolved": "https://registry.npmjs.org/pptxgenjs/-/pptxgenjs-4.0.1.tgz",
      "integrity": "sha512-TeJISr8wouAuXw4C1F/mC33xbZs/FuEG6nH9FG1Zj+nuPcGMP5YRHl6X+j3HSUnS1f3at6k75ZZXPMZlA5Lj9A==",
      "license": "MIT",
      "dependencies": {
        "@types/node": "^22.8.1",
        "https": "^1.0.0",
        "image-size": "^1.2.1",
        "jszip": "^3.10.1"
      }
    },
    "node_modules/process-nextick-args": {
      "version": "2.0.1",
      "resolved": "https://registry.npmjs.org/process-nextick-args/-/process-nextick-args-2.0.1.tgz",
      "integrity": "sha512-3ouUOpQhtgrbOa17J7+uxOTpITYWaGP7/AhoR3+A+/1e9skrzelGi/dXzEYyvbxubEF6Wn2ypscTKiKJFFn1ag==",
      "license": "MIT"
    },
    "node_modules/queue": {
      "version": "6.0.2",
      "resolved": "https://registry.npmjs.org/queue/-/queue-6.0.2.tgz",
      "integrity": "sha512-iHZWu+q3IdFZFX36ro/lKBkSvfkztY5Y7HMiPlOUjhupPcG2JMfst2KKEpu5XndviX/3UhFbRngUPNKtgvtZiA==",
      "license": "MIT",
      "dependencies": {
        "inherits": "~2.0.3"
      }
    },
    "node_modules/raf": {
      "version": "3.4.1",
      "resolved": "https://registry.npmjs.org/raf/-/raf-3.4.1.tgz",
      "integrity": "sha512-Sq4CW4QhwOHE8ucn6J34MqtZCeWFP2aQSmrlroYgqAV1PjStIhJXxYuTgUIfkEk7zTLjmIjLmU5q+fbD1NnOJA==",
      "license": "MIT",
      "optional": true,
      "dependencies": {
        "performance-now": "^2.1.0"
      }
    },
    "node_modules/react": {
      "version": "19.2.4",
      "resolved": "https://registry.npmjs.org/react/-/react-19.2.4.tgz",
      "integrity": "sha512-9nfp2hYpCwOjAN+8TZFGhtWEwgvWHXqESH8qT89AT/lWklpLON22Lc8pEtnpsZz7VmawabSU0gCjnj8aC0euHQ==",
      "license": "MIT",
      "engines": {
        "node": ">=0.10.0"
      }
    },
    "node_modules/react-dom": {
      "version": "19.2.4",
      "resolved": "https://registry.npmjs.org/react-dom/-/react-dom-19.2.4.tgz",
      "integrity": "sha512-AXJdLo8kgMbimY95O2aKQqsz2iWi9jMgKJhRBAxECE4IFxfcazB2LmzloIoibJI3C12IlY20+KFaLv+71bUJeQ==",
      "license": "MIT",
      "dependencies": {
        "scheduler": "^0.27.0"
      },
      "peerDependencies": {
        "react": "^19.2.4"
      }
    },
    "node_modules/react-error-boundary": {
      "version": "6.1.1",
      "resolved": "https://registry.npmjs.org/react-error-boundary/-/react-error-boundary-6.1.1.tgz",
      "integrity": "sha512-BrYwPOdXi5mqkk5lw+Uvt0ThHx32rCt3BkukS4X23A2AIWDPSGX6iaWTc0y9TU/mHDA/6qOSGel+B2ERkOvD1w==",
      "license": "MIT",
      "peerDependencies": {
        "react": "^18.0.0 || ^19.0.0"
      }
    },
    "node_modules/react-i18next": {
      "version": "16.5.4",
      "resolved": "https://registry.npmjs.org/react-i18next/-/react-i18next-16.5.4.tgz",
      "integrity": "sha512-6yj+dcfMncEC21QPhOTsW8mOSO+pzFmT6uvU7XXdvM/Cp38zJkmTeMeKmTrmCMD5ToT79FmiE/mRWiYWcJYW4g==",
      "license": "MIT",
      "dependencies": {
        "@babel/runtime": "^7.28.4",
        "html-parse-stringify": "^3.0.1",
        "use-sync-external-store": "^1.6.0"
      },
      "peerDependencies": {
        "i18next": ">= 25.6.2",
        "react": ">= 16.8.0",
        "typescript": "^5"
      },
      "peerDependenciesMeta": {
        "react-dom": {
          "optional": true
        },
        "react-native": {
          "optional": true
        },
        "typescript": {
          "optional": true
        }
      }
    },
    "node_modules/readable-stream": {
      "version": "2.3.8",
      "resolved": "https://registry.npmjs.org/readable-stream/-/readable-stream-2.3.8.tgz",
      "integrity": "sha512-8p0AUk4XODgIewSi0l8Epjs+EVnWiK7NoDIEGU0HhE7+ZyY8D1IMY7odu5lRrFXGg71L15KG8QrPmum45RTtdA==",
      "license": "MIT",
      "dependencies": {
        "core-util-is": "~1.0.0",
        "inherits": "~2.0.3",
        "isarray": "~1.0.0",
        "process-nextick-args": "~2.0.0",
        "safe-buffer": "~5.1.1",
        "string_decoder": "~1.1.1",
        "util-deprecate": "~1.0.1"
      }
    },
    "node_modules/regenerator-runtime": {
      "version": "0.13.11",
      "resolved": "https://registry.npmjs.org/regenerator-runtime/-/regenerator-runtime-0.13.11.tgz",
      "integrity": "sha512-kY1AZVr2Ra+t+piVaJ4gxaFaReZVH40AKNo7UCX6W+dEwBo/2oZJzqfuN1qLq1oL45o56cPaTXELwrTh8Fpggg==",
      "license": "MIT",
      "optional": true
    },
    "node_modules/rgbcolor": {
      "version": "1.0.1",
      "resolved": "https://registry.npmjs.org/rgbcolor/-/rgbcolor-1.0.1.tgz",
      "integrity": "sha512-9aZLIrhRaD97sgVhtJOW6ckOEh6/GnvQtdVNfdZ6s67+3/XwLS9lBcQYzEEhYVeUowN7pRzMLsyGhK2i/xvWbw==",
      "license": "MIT OR SEE LICENSE IN FEEL-FREE.md",
      "optional": true,
      "engines": {
        "node": ">= 0.8.15"
      }
    },
    "node_modules/safe-buffer": {
      "version": "5.1.2",
      "resolved": "https://registry.npmjs.org/safe-buffer/-/safe-buffer-5.1.2.tgz",
      "integrity": "sha512-Gd2UZBJDkXlY7GbJxfsE8/nvKkUEU1G38c1siN6QP6a9PT9MmHB8GnpscSmMJSoF8LOIrt8ud/wPtojys4G6+g==",
      "license": "MIT"
    },
    "node_modules/scheduler": {
      "version": "0.27.0",
      "resolved": "https://registry.npmjs.org/scheduler/-/scheduler-0.27.0.tgz",
      "integrity": "sha512-eNv+WrVbKu1f3vbYJT/xtiF5syA5HPIMtf9IgY/nKg0sWqzAUEvqY/xm7OcZc/qafLx/iO9FgOmeSAp4v5ti/Q==",
      "license": "MIT"
    },
    "node_modules/setimmediate": {
      "version": "1.0.5",
      "resolved": "https://registry.npmjs.org/setimmediate/-/setimmediate-1.0.5.tgz",
      "integrity": "sha512-MATJdZp8sLqDl/68LfQmbP8zKPLQNV6BIZoIgrscFDQ+RsvK/BxeDQOgyxKKoh0y/8h3BqVFnCqQ/gd+reiIXA==",
      "license": "MIT"
    },
    "node_modules/sonner": {
      "version": "2.0.7",
      "resolved": "https://registry.npmjs.org/sonner/-/sonner-2.0.7.tgz",
      "integrity": "sha512-W6ZN4p58k8aDKA4XPcx2hpIQXBRAgyiWVkYhT7CvK6D3iAu7xjvVyhQHg2/iaKJZ1XVJ4r7XuwGL+WGEK37i9w==",
      "license": "MIT",
      "peerDependencies": {
        "react": "^18.0.0 || ^19.0.0 || ^19.0.0-rc",
        "react-dom": "^18.0.0 || ^19.0.0 || ^19.0.0-rc"
      }
    },
    "node_modules/stackblur-canvas": {
      "version": "2.7.0",
      "resolved": "https://registry.npmjs.org/stackblur-canvas/-/stackblur-canvas-2.7.0.tgz",
      "integrity": "sha512-yf7OENo23AGJhBriGx0QivY5JP6Y1HbrrDI6WLt6C5auYZXlQrheoY8hD4ibekFKz1HOfE48Ww8kMWMnJD/zcQ==",
      "license": "MIT",
      "optional": true,
      "engines": {
        "node": ">=0.1.14"
      }
    },
    "node_modules/string_decoder": {
      "version": "1.1.1",
      "resolved": "https://registry.npmjs.org/string_decoder/-/string_decoder-1.1.1.tgz",
      "integrity": "sha512-n/ShnvDi6FHbbVfviro+WojiFzv+s8MPMHBczVePfUpDJLwoLT0ht1l4YwBCbi8pJAveEEdnkHyPyTP/mzRfwg==",
      "license": "MIT",
      "dependencies": {
        "safe-buffer": "~5.1.0"
      }
    },
    "node_modules/svg-pathdata": {
      "version": "6.0.3",
      "resolved": "https://registry.npmjs.org/svg-pathdata/-/svg-pathdata-6.0.3.tgz",
      "integrity": "sha512-qsjeeq5YjBZ5eMdFuUa4ZosMLxgr5RZ+F+Y1OrDhuOCEInRMA3x74XdBtggJcj9kOeInz0WE+LgCPDkZFlBYJw==",
      "license": "MIT",
      "optional": true,
      "engines": {
        "node": ">=12.0.0"
      }
    },
    "node_modules/text-segmentation": {
      "version": "1.0.3",
      "resolved": "https://registry.npmjs.org/text-segmentation/-/text-segmentation-1.0.3.tgz",
      "integrity": "sha512-iOiPUo/BGnZ6+54OsWxZidGCsdU8YbE4PSpdPinp7DeMtUJNJBoJ/ouUSTJjHkh1KntHaltHl/gDs2FC4i5+Nw==",
      "license": "MIT",
      "dependencies": {
        "utrie": "^1.0.2"
      }
    },
    "node_modules/undici-types": {
      "version": "6.21.0",
      "resolved": "https://registry.npmjs.org/undici-types/-/undici-types-6.21.0.tgz",
      "integrity": "sha512-iwDZqg0QAGrg9Rav5H4n0M64c3mkR59cJ6wQp+7C4nI0gsmExaedaYLNO44eT4AtBBwjbTiGPMlt2Md0T9H9JQ==",
      "license": "MIT"
    },
    "node_modules/use-sync-external-store": {
      "version": "1.6.0",
      "resolved": "https://registry.npmjs.org/use-sync-external-store/-/use-sync-external-store-1.6.0.tgz",
      "integrity": "sha512-Pp6GSwGP/NrPIrxVFAIkOQeyw8lFenOHijQWkUTrDvrF4ALqylP2C/KCkeS9dpUM3KvYRQhna5vt7IL95+ZQ9w==",
      "license": "MIT",
      "peerDependencies": {
        "react": "^16.8.0 || ^17.0.0 || ^18.0.0 || ^19.0.0"
      }
    },
    "node_modules/util-deprecate": {
      "version": "1.0.2",
      "resolved": "https://registry.npmjs.org/util-deprecate/-/util-deprecate-1.0.2.tgz",
      "integrity": "sha512-EPD5q1uXyFxJpCrLnCc1nHnq3gOa6DZBocAIiI2TaSCA7VCJ1UJDMagCzIkXNsUYfD1daK//LTEQ8xiIbrHtcw==",
      "license": "MIT"
    },
    "node_modules/utrie": {
      "version": "1.0.2",
      "resolved": "https://registry.npmjs.org/utrie/-/utrie-1.0.2.tgz",
      "integrity": "sha512-1MLa5ouZiOmQzUbjbu9VmjLzn1QLXBhwpUa7kdLUQK+KQ5KA9I1vk5U4YHe/X2Ch7PYnJfWuWT+VbuxbGwljhw==",
      "license": "MIT",
      "dependencies": {
        "base64-arraybuffer": "^1.0.2"
      }
    },
    "node_modules/void-elements": {
      "version": "3.1.0",
      "resolved": "https://registry.npmjs.org/void-elements/-/void-elements-3.1.0.tgz",
      "integrity": "sha512-Dhxzh5HZuiHQhbvTW9AMetFfBHDMYpo23Uo9btPXgdYP+3T5S+p+jgNy7spra+veYhBP2dCSgxR/i2Y02h5/6w==",
      "license": "MIT",
      "engines": {
        "node": ">=0.10.0"
      }
    },
    "node_modules/zod": {
      "version": "4.3.6",
      "resolved": "https://registry.npmjs.org/zod/-/zod-4.3.6.tgz",
      "integrity": "sha512-rftlrkhHZOcjDwkGlnUtZZkvaPHCsDATp4pGpuOOMDaTdDDXF91wuVDJoWoPsKX/3YPQ5fHuF3STjcYyKr+Qhg==",
      "license": "MIT",
      "funding": {
        "url": "https://github.com/sponsors/colinhacks"
      }
    },
    "node_modules/zustand": {
      "version": "5.0.11",
      "resolved": "https://registry.npmjs.org/zustand/-/zustand-5.0.11.tgz",
      "integrity": "sha512-fdZY+dk7zn/vbWNCYmzZULHRrss0jx5pPFiOuMZ/5HJN6Yv3u+1Wswy/4MpZEkEGhtNH+pwxZB8OKgUBPzYAGg==",
      "license": "MIT",
      "engines": {
        "node": ">=12.20.0"
      },
      "peerDependencies": {
        "@types/react": ">=18.0.0",
        "immer": ">=9.0.6",
        "react": ">=18.0.0",
        "use-sync-external-store": ">=1.2.0"
      },
      "peerDependenciesMeta": {
        "@types/react": {
          "optional": true
        },
        "immer": {
          "optional": true
        },
        "react": {
          "optional": true
        },
        "use-sync-external-store": {
          "optional": true
        }
      }
    }
  }
}
